
Microsoft Visual Studio Solution File, Format Version 12.00
# Visual Studio 15
VisualStudioVersion = 15.0.28307.168
MinimumVisualStudioVersion = 10.0.40219.1
Project("{FAE04EC0-301F-11D3-BF4B-00C04F79EFBC}") = "08.MagicSum", "08.MagicSum\08.MagicSum.csproj", "{A6628581-A452-4C1C-AB31-687B0DA48FA3}"
EndProject
Global
	GlobalSection(SolutionConfigurationPlatforms) = preSolution
		Debug|Any CPU = Debug|Any CPU
		Release|Any CPU = Release|Any CPU
	EndGlobalSection
	GlobalSection(ProjectConfigurationPlatforms) = postSolution
		{A6628581-A452-4C1C-AB31-687B0DA48FA3}.Debug|Any CPU.ActiveCfg = Debug|Any CPU
		{A6628581-A452-4C1C-AB31-687B0DA48FA3}.Debug|Any CPU.Build.0 = Debug|Any CPU
		{A6628581-A452-4C1C-AB31-687B0DA48FA3}.Release|Any CPU.ActiveCfg = Release|Any CPU
		{A6628581-A452-4C1C-AB31-687B0DA48FA3}.Release|Any CPU.Build.0 = Release|Any CPU
	EndGlobalSection
	GlobalSection(SolutionProperties) = preSolution
		HideSolutionNode = FALSE
	EndGlobalSection
	GlobalSection(ExtensibilityGlobals) = postSolution
		SolutionGuid = {96AF8DBF-195A-4E68-B749-06393EA0D898}
	EndGlobalSection
EndGlobal
