
Microsoft Visual Studio Solution File, Format Version 12.00
# Visual Studio 15
VisualStudioVersion = 15.0.28307.168
MinimumVisualStudioVersion = 10.0.40219.1
Project("{FAE04EC0-301F-11D3-BF4B-00C04F79EFBC}") = "06.StrongNumber", "06.StrongNumber\06.StrongNumber.csproj", "{CF21EBFD-F369-4885-864C-5E2064B5D3EC}"
EndProject
Global
	GlobalSection(SolutionConfigurationPlatforms) = preSolution
		Debug|Any CPU = Debug|Any CPU
		Release|Any CPU = Release|Any CPU
	EndGlobalSection
	GlobalSection(ProjectConfigurationPlatforms) = postSolution
		{CF21EBFD-F369-4885-864C-5E2064B5D3EC}.Debug|Any CPU.ActiveCfg = Debug|Any CPU
		{CF21EBFD-F369-4885-864C-5E2064B5D3EC}.Debug|Any CPU.Build.0 = Debug|Any CPU
		{CF21EBFD-F369-4885-864C-5E2064B5D3EC}.Release|Any CPU.ActiveCfg = Release|Any CPU
		{CF21EBFD-F369-4885-864C-5E2064B5D3EC}.Release|Any CPU.Build.0 = Release|Any CPU
	EndGlobalSection
	GlobalSection(SolutionProperties) = preSolution
		HideSolutionNode = FALSE
	EndGlobalSection
	GlobalSection(ExtensibilityGlobals) = postSolution
		SolutionGuid = {EDFE5AD9-EEC4-4614-BA28-5E36F1FEB02E}
	EndGlobalSection
EndGlobal
